
Microsoft Visual Studio Solution File, Format Version 12.00
# Visual Studio 2012
Project("{FAE04EC0-301F-11D3-BF4B-00C04F79EFBC}") = "Cheers", "Cheers.csproj", "{6A928DF3-34D5-4F7E-8AC3-01722BB56BD9}"
EndProject
Global
	GlobalSection(SolutionConfigurationPlatforms) = preSolution
		Debug|x86 = Debug|x86
		Release|x86 = Release|x86
	EndGlobalSection
	GlobalSection(ProjectConfigurationPlatforms) = postSolution
		{6A928DF3-34D5-4F7E-8AC3-01722BB56BD9}.Debug|x86.ActiveCfg = Debug|Any CPU
		{6A928DF3-34D5-4F7E-8AC3-01722BB56BD9}.Debug|x86.Build.0 = Debug|Any CPU
		{6A928DF3-34D5-4F7E-8AC3-01722BB56BD9}.Release|x86.ActiveCfg = Release|Any CPU
		{6A928DF3-34D5-4F7E-8AC3-01722BB56BD9}.Release|x86.Build.0 = Release|Any CPU
	EndGlobalSection
EndGlobal
